// !$*UTF8*$!
{
	archiveVersion = 1;
	classes = {
	};
	objectVersion = 56;
	objects = {

/* Begin PBXBuildFile section */
		1EF686602B3C8D5400F5786C /* AppDelegate.swift in Sources */ = {isa = PBXBuildFile; fileRef = 1EF6865F2B3C8D5400F5786C /* AppDelegate.swift */; };
		1EF686622B3C8D5400F5786C /* SceneDelegate.swift in Sources */ = {isa = PBXBuildFile; fileRef = 1EF686612B3C8D5400F5786C /* SceneDelegate.swift */; };
		1EF686652B3C8D5400F5786C /* LaunchScreen.storyboard in Resources */ = {isa = PBXBuildFile; fileRef = 1EF686632B3C8D5400F5786C /* LaunchScreen.storyboard */; };
		1EF686682B3C8D5400F5786C /* Main.storyboard in Resources */ = {isa = PBXBuildFile; fileRef = 1EF686662B3C8D5400F5786C /* Main.storyboard */; };
		1EF686712B3C8D5400F5786C /* AppDelegate.swift in Sources */ = {isa = PBXBuildFile; fileRef = 1EF686702B3C8D5400F5786C /* AppDelegate.swift */; };
		1EF686742B3C8D5400F5786C /* Main.storyboard in Resources */ = {isa = PBXBuildFile; fileRef = 1EF686722B3C8D5400F5786C /* Main.storyboard */; };
		1EF6867C2B3C8D5400F5786C /* Print for Safari Extension.appex in Embed Foundation Extensions */ = {isa = PBXBuildFile; fileRef = 1EF6867B2B3C8D5400F5786C /* Print for Safari Extension.appex */; settings = {ATTRIBUTES = (RemoveHeadersOnCopy, ); }; };
		1EF686862B3C8D5400F5786C /* Print for Safari Extension.appex in Embed Foundation Extensions */ = {isa = PBXBuildFile; fileRef = 1EF686852B3C8D5400F5786C /* Print for Safari Extension.appex */; settings = {ATTRIBUTES = (RemoveHeadersOnCopy, ); }; };
		1EF6868C2B3C8D5400F5786C /* Main.html in Resources */ = {isa = PBXBuildFile; fileRef = 1EF6864F2B3C8D5300F5786C /* Main.html */; };
		1EF6868D2B3C8D5400F5786C /* Main.html in Resources */ = {isa = PBXBuildFile; fileRef = 1EF6864F2B3C8D5300F5786C /* Main.html */; };
		1EF6868E2B3C8D5400F5786C /* Icon.png in Resources */ = {isa = PBXBuildFile; fileRef = 1EF686512B3C8D5300F5786C /* Icon.png */; };
		1EF6868F2B3C8D5400F5786C /* Icon.png in Resources */ = {isa = PBXBuildFile; fileRef = 1EF686512B3C8D5300F5786C /* Icon.png */; };
		1EF686902B3C8D5400F5786C /* Style.css in Resources */ = {isa = PBXBuildFile; fileRef = 1EF686522B3C8D5300F5786C /* Style.css */; };
		1EF686912B3C8D5400F5786C /* Style.css in Resources */ = {isa = PBXBuildFile; fileRef = 1EF686522B3C8D5300F5786C /* Style.css */; };
		1EF686922B3C8D5400F5786C /* Script.js in Resources */ = {isa = PBXBuildFile; fileRef = 1EF686532B3C8D5300F5786C /* Script.js */; };
		1EF686932B3C8D5400F5786C /* Script.js in Resources */ = {isa = PBXBuildFile; fileRef = 1EF686532B3C8D5300F5786C /* Script.js */; };
		1EF686942B3C8D5400F5786C /* ViewController.swift in Sources */ = {isa = PBXBuildFile; fileRef = 1EF686542B3C8D5300F5786C /* ViewController.swift */; };
		1EF686952B3C8D5400F5786C /* ViewController.swift in Sources */ = {isa = PBXBuildFile; fileRef = 1EF686542B3C8D5300F5786C /* ViewController.swift */; };
		1EF686962B3C8D5400F5786C /* Assets.xcassets in Resources */ = {isa = PBXBuildFile; fileRef = 1EF686552B3C8D5400F5786C /* Assets.xcassets */; };
		1EF686972B3C8D5400F5786C /* Assets.xcassets in Resources */ = {isa = PBXBuildFile; fileRef = 1EF686552B3C8D5400F5786C /* Assets.xcassets */; };
		1EF686982B3C8D5400F5786C /* SafariWebExtensionHandler.swift in Sources */ = {isa = PBXBuildFile; fileRef = 1EF686572B3C8D5400F5786C /* SafariWebExtensionHandler.swift */; };
		1EF686992B3C8D5400F5786C /* SafariWebExtensionHandler.swift in Sources */ = {isa = PBXBuildFile; fileRef = 1EF686572B3C8D5400F5786C /* SafariWebExtensionHandler.swift */; };
		1EF686B52B3C8D5400F5786C /* LICENSE in Resources */ = {isa = PBXBuildFile; fileRef = 1EF686AB2B3C8D5400F5786C /* LICENSE */; };
		1EF686B62B3C8D5400F5786C /* css in Resources */ = {isa = PBXBuildFile; fileRef = 1EF686AC2B3C8D5400F5786C /* css */; };
		1EF686B72B3C8D5400F5786C /* images in Resources */ = {isa = PBXBuildFile; fileRef = 1EF686AD2B3C8D5400F5786C /* images */; };
		1EF686B82B3C8D5400F5786C /* js in Resources */ = {isa = PBXBuildFile; fileRef = 1EF686AE2B3C8D5400F5786C /* js */; };
		1EF686B92B3C8D5400F5786C /* popup.html in Resources */ = {isa = PBXBuildFile; fileRef = 1EF686AF2B3C8D5400F5786C /* popup.html */; };
		1EF686BA2B3C8D5400F5786C /* icons in Resources */ = {isa = PBXBuildFile; fileRef = 1EF686B02B3C8D5400F5786C /* icons */; };
		1EF686BB2B3C8D5400F5786C /* manifest.json in Resources */ = {isa = PBXBuildFile; fileRef = 1EF686B12B3C8D5400F5786C /* manifest.json */; };
		1EF686BC2B3C8D5400F5786C /* options.html in Resources */ = {isa = PBXBuildFile; fileRef = 1EF686B22B3C8D5400F5786C /* options.html */; };
		1EF686BD2B3C8D5400F5786C /* _locales in Resources */ = {isa = PBXBuildFile; fileRef = 1EF686B32B3C8D5400F5786C /* _locales */; };
		1EF686BE2B3C8D5400F5786C /* error.html in Resources */ = {isa = PBXBuildFile; fileRef = 1EF686B42B3C8D5400F5786C /* error.html */; };
		1EF686BF2B3C8D5400F5786C /* LICENSE in Resources */ = {isa = PBXBuildFile; fileRef = 1EF686AB2B3C8D5400F5786C /* LICENSE */; };
		1EF686C02B3C8D5400F5786C /* css in Resources */ = {isa = PBXBuildFile; fileRef = 1EF686AC2B3C8D5400F5786C /* css */; };
		1EF686C12B3C8D5400F5786C /* images in Resources */ = {isa = PBXBuildFile; fileRef = 1EF686AD2B3C8D5400F5786C /* images */; };
		1EF686C22B3C8D5400F5786C /* js in Resources */ = {isa = PBXBuildFile; fileRef = 1EF686AE2B3C8D5400F5786C /* js */; };
		1EF686C32B3C8D5400F5786C /* popup.html in Resources */ = {isa = PBXBuildFile; fileRef = 1EF686AF2B3C8D5400F5786C /* popup.html */; };
		1EF686C42B3C8D5400F5786C /* icons in Resources */ = {isa = PBXBuildFile; fileRef = 1EF686B02B3C8D5400F5786C /* icons */; };
		1EF686C52B3C8D5400F5786C /* manifest.json in Resources */ = {isa = PBXBuildFile; fileRef = 1EF686B12B3C8D5400F5786C /* manifest.json */; };
		1EF686C62B3C8D5400F5786C /* options.html in Resources */ = {isa = PBXBuildFile; fileRef = 1EF686B22B3C8D5400F5786C /* options.html */; };
		1EF686C72B3C8D5400F5786C /* _locales in Resources */ = {isa = PBXBuildFile; fileRef = 1EF686B32B3C8D5400F5786C /* _locales */; };
		1EF686C82B3C8D5400F5786C /* error.html in Resources */ = {isa = PBXBuildFile; fileRef = 1EF686B42B3C8D5400F5786C /* error.html */; };
/* End PBXBuildFile section */

/* Begin PBXContainerItemProxy section */
		1EF6867D2B3C8D5400F5786C /* PBXContainerItemProxy */ = {
			isa = PBXContainerItemProxy;
			containerPortal = 1EF686492B3C8D5300F5786C /* Project object */;
			proxyType = 1;
			remoteGlobalIDString = 1EF6867A2B3C8D5400F5786C;
			remoteInfo = "Print for Safari Extension (iOS)";
		};
		1EF686872B3C8D5400F5786C /* PBXContainerItemProxy */ = {
			isa = PBXContainerItemProxy;
			containerPortal = 1EF686492B3C8D5300F5786C /* Project object */;
			proxyType = 1;
			remoteGlobalIDString = 1EF686842B3C8D5400F5786C;
			remoteInfo = "Print for Safari Extension (macOS)";
		};
/* End PBXContainerItemProxy section */

/* Begin PBXCopyFilesBuildPhase section */
		1EF6869F2B3C8D5400F5786C /* Embed Foundation Extensions */ = {
			isa = PBXCopyFilesBuildPhase;
			buildActionMask = 2147483647;
			dstPath = "";
			dstSubfolderSpec = 13;
			files = (
				1EF6867C2B3C8D5400F5786C /* Print for Safari Extension.appex in Embed Foundation Extensions */,
			);
			name = "Embed Foundation Extensions";
			runOnlyForDeploymentPostprocessing = 0;
		};
		1EF686A62B3C8D5400F5786C /* Embed Foundation Extensions */ = {
			isa = PBXCopyFilesBuildPhase;
			buildActionMask = 2147483647;
			dstPath = "";
			dstSubfolderSpec = 13;
			files = (
				1EF686862B3C8D5400F5786C /* Print for Safari Extension.appex in Embed Foundation Extensions */,
			);
			name = "Embed Foundation Extensions";
			runOnlyForDeploymentPostprocessing = 0;
		};
/* End PBXCopyFilesBuildPhase section */

/* Begin PBXFileReference section */
		1EF686502B3C8D5300F5786C /* Base */ = {isa = PBXFileReference; lastKnownFileType = text.html; name = Base; path = ../Base.lproj/Main.html; sourceTree = "<group>"; };
		1EF686512B3C8D5300F5786C /* Icon.png */ = {isa = PBXFileReference; lastKnownFileType = image.png; path = Icon.png; sourceTree = "<group>"; };
		1EF686522B3C8D5300F5786C /* Style.css */ = {isa = PBXFileReference; lastKnownFileType = text.css; path = Style.css; sourceTree = "<group>"; };
		1EF686532B3C8D5300F5786C /* Script.js */ = {isa = PBXFileReference; lastKnownFileType = sourcecode.javascript; path = Script.js; sourceTree = "<group>"; };
		1EF686542B3C8D5300F5786C /* ViewController.swift */ = {isa = PBXFileReference; lastKnownFileType = sourcecode.swift; path = ViewController.swift; sourceTree = "<group>"; };
		1EF686552B3C8D5400F5786C /* Assets.xcassets */ = {isa = PBXFileReference; lastKnownFileType = folder.assetcatalog; path = Assets.xcassets; sourceTree = "<group>"; };
		1EF686572B3C8D5400F5786C /* SafariWebExtensionHandler.swift */ = {isa = PBXFileReference; lastKnownFileType = sourcecode.swift; path = SafariWebExtensionHandler.swift; sourceTree = "<group>"; };
		1EF6865C2B3C8D5400F5786C /* Print for Safari.app */ = {isa = PBXFileReference; explicitFileType = wrapper.application; includeInIndex = 0; path = "Print for Safari.app"; sourceTree = BUILT_PRODUCTS_DIR; };
		1EF6865F2B3C8D5400F5786C /* AppDelegate.swift */ = {isa = PBXFileReference; lastKnownFileType = sourcecode.swift; path = AppDelegate.swift; sourceTree = "<group>"; };
		1EF686612B3C8D5400F5786C /* SceneDelegate.swift */ = {isa = PBXFileReference; lastKnownFileType = sourcecode.swift; path = SceneDelegate.swift; sourceTree = "<group>"; };
		1EF686642B3C8D5400F5786C /* Base */ = {isa = PBXFileReference; lastKnownFileType = file.storyboard; name = Base; path = Base.lproj/LaunchScreen.storyboard; sourceTree = "<group>"; };
		1EF686672B3C8D5400F5786C /* Base */ = {isa = PBXFileReference; lastKnownFileType = file.storyboard; name = Base; path = Base.lproj/Main.storyboard; sourceTree = "<group>"; };
		1EF686692B3C8D5400F5786C /* Info.plist */ = {isa = PBXFileReference; lastKnownFileType = text.plist.xml; path = Info.plist; sourceTree = "<group>"; };
		1EF6866E2B3C8D5400F5786C /* Print for Safari.app */ = {isa = PBXFileReference; explicitFileType = wrapper.application; includeInIndex = 0; path = "Print for Safari.app"; sourceTree = BUILT_PRODUCTS_DIR; };
		1EF686702B3C8D5400F5786C /* AppDelegate.swift */ = {isa = PBXFileReference; lastKnownFileType = sourcecode.swift; path = AppDelegate.swift; sourceTree = "<group>"; };
		1EF686732B3C8D5400F5786C /* Base */ = {isa = PBXFileReference; lastKnownFileType = file.storyboard; name = Base; path = Base.lproj/Main.storyboard; sourceTree = "<group>"; };
		1EF686752B3C8D5400F5786C /* Info.plist */ = {isa = PBXFileReference; lastKnownFileType = text.plist.xml; path = Info.plist; sourceTree = "<group>"; };
		1EF686762B3C8D5400F5786C /* Print for Safari.entitlements */ = {isa = PBXFileReference; lastKnownFileType = text.plist.entitlements; path = "Print for Safari.entitlements"; sourceTree = "<group>"; };
		1EF6867B2B3C8D5400F5786C /* Print for Safari Extension.appex */ = {isa = PBXFileReference; explicitFileType = "wrapper.app-extension"; includeInIndex = 0; path = "Print for Safari Extension.appex"; sourceTree = BUILT_PRODUCTS_DIR; };
		1EF686802B3C8D5400F5786C /* Info.plist */ = {isa = PBXFileReference; lastKnownFileType = text.plist.xml; path = Info.plist; sourceTree = "<group>"; };
		1EF686852B3C8D5400F5786C /* Print for Safari Extension.appex */ = {isa = PBXFileReference; explicitFileType = "wrapper.app-extension"; includeInIndex = 0; path = "Print for Safari Extension.appex"; sourceTree = BUILT_PRODUCTS_DIR; };
		1EF6868A2B3C8D5400F5786C /* Info.plist */ = {isa = PBXFileReference; lastKnownFileType = text.plist.xml; path = Info.plist; sourceTree = "<group>"; };
		1EF6868B2B3C8D5400F5786C /* Print for Safari.entitlements */ = {isa = PBXFileReference; lastKnownFileType = text.plist.entitlements; path = "Print for Safari.entitlements"; sourceTree = "<group>"; };
		1EF686AB2B3C8D5400F5786C /* LICENSE */ = {isa = PBXFileReference; lastKnownFileType = text; name = LICENSE; path = ../../Archive/LICENSE; sourceTree = "<group>"; };
		1EF686AC2B3C8D5400F5786C /* css */ = {isa = PBXFileReference; lastKnownFileType = folder; name = css; path = ../../Archive/css; sourceTree = "<group>"; };
		1EF686AD2B3C8D5400F5786C /* images */ = {isa = PBXFileReference; lastKnownFileType = folder; name = images; path = ../../Archive/images; sourceTree = "<group>"; };
		1EF686AE2B3C8D5400F5786C /* js */ = {isa = PBXFileReference; lastKnownFileType = folder; name = js; path = ../../Archive/js; sourceTree = "<group>"; };
		1EF686AF2B3C8D5400F5786C /* popup.html */ = {isa = PBXFileReference; lastKnownFileType = text.html; name = popup.html; path = ../../Archive/popup.html; sourceTree = "<group>"; };
		1EF686B02B3C8D5400F5786C /* icons */ = {isa = PBXFileReference; lastKnownFileType = folder; name = icons; path = ../../Archive/icons; sourceTree = "<group>"; };
		1EF686B12B3C8D5400F5786C /* manifest.json */ = {isa = PBXFileReference; lastKnownFileType = text.json; name = manifest.json; path = ../../Archive/manifest.json; sourceTree = "<group>"; };
		1EF686B22B3C8D5400F5786C /* options.html */ = {isa = PBXFileReference; lastKnownFileType = text.html; name = options.html; path = ../../Archive/options.html; sourceTree = "<group>"; };
		1EF686B32B3C8D5400F5786C /* _locales */ = {isa = PBXFileReference; lastKnownFileType = folder; name = _locales; path = ../../Archive/_locales; sourceTree = "<group>"; };
		1EF686B42B3C8D5400F5786C /* error.html */ = {isa = PBXFileReference; lastKnownFileType = text.html; name = error.html; path = ../../Archive/error.html; sourceTree = "<group>"; };
/* End PBXFileReference section */

/* Begin PBXFrameworksBuildPhase section */
		1EF686592B3C8D5400F5786C /* Frameworks */ = {
			isa = PBXFrameworksBuildPhase;
			buildActionMask = 2147483647;
			files = (
			);
			runOnlyForDeploymentPostprocessing = 0;
		};
		1EF6866B2B3C8D5400F5786C /* Frameworks */ = {
			isa = PBXFrameworksBuildPhase;
			buildActionMask = 2147483647;
			files = (
			);
			runOnlyForDeploymentPostprocessing = 0;
		};
		1EF686782B3C8D5400F5786C /* Frameworks */ = {
			isa = PBXFrameworksBuildPhase;
			buildActionMask = 2147483647;
			files = (
			);
			runOnlyForDeploymentPostprocessing = 0;
		};
		1EF686822B3C8D5400F5786C /* Frameworks */ = {
			isa = PBXFrameworksBuildPhase;
			buildActionMask = 2147483647;
			files = (
			);
			runOnlyForDeploymentPostprocessing = 0;
		};
/* End PBXFrameworksBuildPhase section */

/* Begin PBXGroup section */
		1EF686482B3C8D5300F5786C = {
			isa = PBXGroup;
			children = (
				1EF6864D2B3C8D5300F5786C /* Shared (App) */,
				1EF686562B3C8D5400F5786C /* Shared (Extension) */,
				1EF6865E2B3C8D5400F5786C /* iOS (App) */,
				1EF6866F2B3C8D5400F5786C /* macOS (App) */,
				1EF6867F2B3C8D5400F5786C /* iOS (Extension) */,
				1EF686892B3C8D5400F5786C /* macOS (Extension) */,
				1EF6865D2B3C8D5400F5786C /* Products */,
			);
			sourceTree = "<group>";
		};
		1EF6864D2B3C8D5300F5786C /* Shared (App) */ = {
			isa = PBXGroup;
			children = (
				1EF686542B3C8D5300F5786C /* ViewController.swift */,
				1EF686552B3C8D5400F5786C /* Assets.xcassets */,
				1EF6864E2B3C8D5300F5786C /* Resources */,
			);
			path = "Shared (App)";
			sourceTree = "<group>";
		};
		1EF6864E2B3C8D5300F5786C /* Resources */ = {
			isa = PBXGroup;
			children = (
				1EF6864F2B3C8D5300F5786C /* Main.html */,
				1EF686512B3C8D5300F5786C /* Icon.png */,
				1EF686522B3C8D5300F5786C /* Style.css */,
				1EF686532B3C8D5300F5786C /* Script.js */,
			);
			path = Resources;
			sourceTree = "<group>";
		};
		1EF686562B3C8D5400F5786C /* Shared (Extension) */ = {
			isa = PBXGroup;
			children = (
				1EF686AA2B3C8D5400F5786C /* Resources */,
				1EF686572B3C8D5400F5786C /* SafariWebExtensionHandler.swift */,
			);
			path = "Shared (Extension)";
			sourceTree = "<group>";
		};
		1EF6865D2B3C8D5400F5786C /* Products */ = {
			isa = PBXGroup;
			children = (
				1EF6865C2B3C8D5400F5786C /* Print for Safari.app */,
				1EF6866E2B3C8D5400F5786C /* Print for Safari.app */,
				1EF6867B2B3C8D5400F5786C /* Print for Safari Extension.appex */,
				1EF686852B3C8D5400F5786C /* Print for Safari Extension.appex */,
			);
			name = Products;
			sourceTree = "<group>";
		};
		1EF6865E2B3C8D5400F5786C /* iOS (App) */ = {
			isa = PBXGroup;
			children = (
				1EF6865F2B3C8D5400F5786C /* AppDelegate.swift */,
				1EF686612B3C8D5400F5786C /* SceneDelegate.swift */,
				1EF686632B3C8D5400F5786C /* LaunchScreen.storyboard */,
				1EF686662B3C8D5400F5786C /* Main.storyboard */,
				1EF686692B3C8D5400F5786C /* Info.plist */,
			);
			path = "iOS (App)";
			sourceTree = "<group>";
		};
		1EF6866F2B3C8D5400F5786C /* macOS (App) */ = {
			isa = PBXGroup;
			children = (
				1EF686702B3C8D5400F5786C /* AppDelegate.swift */,
				1EF686722B3C8D5400F5786C /* Main.storyboard */,
				1EF686752B3C8D5400F5786C /* Info.plist */,
				1EF686762B3C8D5400F5786C /* Print for Safari.entitlements */,
			);
			path = "macOS (App)";
			sourceTree = "<group>";
		};
		1EF6867F2B3C8D5400F5786C /* iOS (Extension) */ = {
			isa = PBXGroup;
			children = (
				1EF686802B3C8D5400F5786C /* Info.plist */,
			);
			path = "iOS (Extension)";
			sourceTree = "<group>";
		};
		1EF686892B3C8D5400F5786C /* macOS (Extension) */ = {
			isa = PBXGroup;
			children = (
				1EF6868A2B3C8D5400F5786C /* Info.plist */,
				1EF6868B2B3C8D5400F5786C /* Print for Safari.entitlements */,
			);
			path = "macOS (Extension)";
			sourceTree = "<group>";
		};
		1EF686AA2B3C8D5400F5786C /* Resources */ = {
			isa = PBXGroup;
			children = (
				1EF686AB2B3C8D5400F5786C /* LICENSE */,
				1EF686AC2B3C8D5400F5786C /* css */,
				1EF686AD2B3C8D5400F5786C /* images */,
				1EF686AE2B3C8D5400F5786C /* js */,
				1EF686AF2B3C8D5400F5786C /* popup.html */,
				1EF686B02B3C8D5400F5786C /* icons */,
				1EF686B12B3C8D5400F5786C /* manifest.json */,
				1EF686B22B3C8D5400F5786C /* options.html */,
				1EF686B32B3C8D5400F5786C /* _locales */,
				1EF686B42B3C8D5400F5786C /* error.html */,
			);
			name = Resources;
			path = "Shared (Extension)";
			sourceTree = SOURCE_ROOT;
		};
/* End PBXGroup section */

/* Begin PBXNativeTarget section */
		1EF6865B2B3C8D5400F5786C /* Print for Safari (iOS) */ = {
			isa = PBXNativeTarget;
			buildConfigurationList = 1EF686A02B3C8D5400F5786C /* Build configuration list for PBXNativeTarget "Print for Safari (iOS)" */;
			buildPhases = (
				1EF686582B3C8D5400F5786C /* Sources */,
				1EF686592B3C8D5400F5786C /* Frameworks */,
				1EF6865A2B3C8D5400F5786C /* Resources */,
				1EF6869F2B3C8D5400F5786C /* Embed Foundation Extensions */,
			);
			buildRules = (
			);
			dependencies = (
				1EF6867E2B3C8D5400F5786C /* PBXTargetDependency */,
			);
			name = "Print for Safari (iOS)";
			productName = "Print for Safari (iOS)";
			productReference = 1EF6865C2B3C8D5400F5786C /* Print for Safari.app */;
			productType = "com.apple.product-type.application";
		};
		1EF6866D2B3C8D5400F5786C /* Print for Safari (macOS) */ = {
			isa = PBXNativeTarget;
			buildConfigurationList = 1EF686A72B3C8D5400F5786C /* Build configuration list for PBXNativeTarget "Print for Safari (macOS)" */;
			buildPhases = (
				1EF6866A2B3C8D5400F5786C /* Sources */,
				1EF6866B2B3C8D5400F5786C /* Frameworks */,
				1EF6866C2B3C8D5400F5786C /* Resources */,
				1EF686A62B3C8D5400F5786C /* Embed Foundation Extensions */,
			);
			buildRules = (
			);
			dependencies = (
				1EF686882B3C8D5400F5786C /* PBXTargetDependency */,
			);
			name = "Print for Safari (macOS)";
			productName = "Print for Safari (macOS)";
			productReference = 1EF6866E2B3C8D5400F5786C /* Print for Safari.app */;
			productType = "com.apple.product-type.application";
		};
		1EF6867A2B3C8D5400F5786C /* Print for Safari Extension (iOS) */ = {
			isa = PBXNativeTarget;
			buildConfigurationList = 1EF6869C2B3C8D5400F5786C /* Build configuration list for PBXNativeTarget "Print for Safari Extension (iOS)" */;
			buildPhases = (
				1EF686772B3C8D5400F5786C /* Sources */,
				1EF686782B3C8D5400F5786C /* Frameworks */,
				1EF686792B3C8D5400F5786C /* Resources */,
			);
			buildRules = (
			);
			dependencies = (
			);
			name = "Print for Safari Extension (iOS)";
			productName = "Print for Safari Extension (iOS)";
			productReference = 1EF6867B2B3C8D5400F5786C /* Print for Safari Extension.appex */;
			productType = "com.apple.product-type.app-extension";
		};
		1EF686842B3C8D5400F5786C /* Print for Safari Extension (macOS) */ = {
			isa = PBXNativeTarget;
			buildConfigurationList = 1EF686A32B3C8D5400F5786C /* Build configuration list for PBXNativeTarget "Print for Safari Extension (macOS)" */;
			buildPhases = (
				1EF686812B3C8D5400F5786C /* Sources */,
				1EF686822B3C8D5400F5786C /* Frameworks */,
				1EF686832B3C8D5400F5786C /* Resources */,
			);
			buildRules = (
			);
			dependencies = (
			);
			name = "Print for Safari Extension (macOS)";
			productName = "Print for Safari Extension (macOS)";
			productReference = 1EF686852B3C8D5400F5786C /* Print for Safari Extension.appex */;
			productType = "com.apple.product-type.app-extension";
		};
/* End PBXNativeTarget section */

/* Begin PBXProject section */
		1EF686492B3C8D5300F5786C /* Project object */ = {
			isa = PBXProject;
			attributes = {
				BuildIndependentTargetsInParallel = 1;
				LastSwiftUpdateCheck = 1510;
				LastUpgradeCheck = 1510;
				TargetAttributes = {
					1EF6865B2B3C8D5400F5786C = {
						CreatedOnToolsVersion = 15.1;
					};
					1EF6866D2B3C8D5400F5786C = {
						CreatedOnToolsVersion = 15.1;
					};
					1EF6867A2B3C8D5400F5786C = {
						CreatedOnToolsVersion = 15.1;
					};
					1EF686842B3C8D5400F5786C = {
						CreatedOnToolsVersion = 15.1;
					};
				};
			};
			buildConfigurationList = 1EF6864C2B3C8D5300F5786C /* Build configuration list for PBXProject "Print for Safari" */;
			compatibilityVersion = "Xcode 14.0";
			developmentRegion = en;
			hasScannedForEncodings = 0;
			knownRegions = (
				en,
				Base,
			);
			mainGroup = 1EF686482B3C8D5300F5786C;
			productRefGroup = 1EF6865D2B3C8D5400F5786C /* Products */;
			projectDirPath = "";
			projectRoot = "";
			targets = (
				1EF6865B2B3C8D5400F5786C /* Print for Safari (iOS) */,
				1EF6866D2B3C8D5400F5786C /* Print for Safari (macOS) */,
				1EF6867A2B3C8D5400F5786C /* Print for Safari Extension (iOS) */,
				1EF686842B3C8D5400F5786C /* Print for Safari Extension (macOS) */,
			);
		};
/* End PBXProject section */

/* Begin PBXResourcesBuildPhase section */
		1EF6865A2B3C8D5400F5786C /* Resources */ = {
			isa = PBXResourcesBuildPhase;
			buildActionMask = 2147483647;
			files = (
				1EF6868E2B3C8D5400F5786C /* Icon.png in Resources */,
				1EF686652B3C8D5400F5786C /* LaunchScreen.storyboard in Resources */,
				1EF6868C2B3C8D5400F5786C /* Main.html in Resources */,
				1EF686922B3C8D5400F5786C /* Script.js in Resources */,
				1EF686962B3C8D5400F5786C /* Assets.xcassets in Resources */,
				1EF686682B3C8D5400F5786C /* Main.storyboard in Resources */,
				1EF686902B3C8D5400F5786C /* Style.css in Resources */,
			);
			runOnlyForDeploymentPostprocessing = 0;
		};
		1EF6866C2B3C8D5400F5786C /* Resources */ = {
			isa = PBXResourcesBuildPhase;
			buildActionMask = 2147483647;
			files = (
				1EF6868F2B3C8D5400F5786C /* Icon.png in Resources */,
				1EF686912B3C8D5400F5786C /* Style.css in Resources */,
				1EF686742B3C8D5400F5786C /* Main.storyboard in Resources */,
				1EF686932B3C8D5400F5786C /* Script.js in Resources */,
				1EF686972B3C8D5400F5786C /* Assets.xcassets in Resources */,
				1EF6868D2B3C8D5400F5786C /* Main.html in Resources */,
			);
			runOnlyForDeploymentPostprocessing = 0;
		};
		1EF686792B3C8D5400F5786C /* Resources */ = {
			isa = PBXResourcesBuildPhase;
			buildActionMask = 2147483647;
			files = (
				1EF686C72B3C8D5400F5786C /* _locales in Resources */,
				1EF686C12B3C8D5400F5786C /* images in Resources */,
				1EF686C52B3C8D5400F5786C /* manifest.json in Resources */,
				1EF686C32B3C8D5400F5786C /* popup.html in Resources */,
				1EF686C62B3C8D5400F5786C /* options.html in Resources */,
				1EF686C82B3C8D5400F5786C /* error.html in Resources */,
				1EF686C02B3C8D5400F5786C /* css in Resources */,
				1EF686C42B3C8D5400F5786C /* icons in Resources */,
				1EF686BF2B3C8D5400F5786C /* LICENSE in Resources */,
				1EF686C22B3C8D5400F5786C /* js in Resources */,
			);
			runOnlyForDeploymentPostprocessing = 0;
		};
		1EF686832B3C8D5400F5786C /* Resources */ = {
			isa = PBXResourcesBuildPhase;
			buildActionMask = 2147483647;
			files = (
				1EF686BD2B3C8D5400F5786C /* _locales in Resources */,
				1EF686B72B3C8D5400F5786C /* images in Resources */,
				1EF686BB2B3C8D5400F5786C /* manifest.json in Resources */,
				1EF686B92B3C8D5400F5786C /* popup.html in Resources */,
				1EF686BC2B3C8D5400F5786C /* options.html in Resources */,
				1EF686BE2B3C8D5400F5786C /* error.html in Resources */,
				1EF686B62B3C8D5400F5786C /* css in Resources */,
				1EF686BA2B3C8D5400F5786C /* icons in Resources */,
				1EF686B52B3C8D5400F5786C /* LICENSE in Resources */,
				1EF686B82B3C8D5400F5786C /* js in Resources */,
			);
			runOnlyForDeploymentPostprocessing = 0;
		};
/* End PBXResourcesBuildPhase section */

/* Begin PBXSourcesBuildPhase section */
		1EF686582B3C8D5400F5786C /* Sources */ = {
			isa = PBXSourcesBuildPhase;
			buildActionMask = 2147483647;
			files = (
				1EF686942B3C8D5400F5786C /* ViewController.swift in Sources */,
				1EF686602B3C8D5400F5786C /* AppDelegate.swift in Sources */,
				1EF686622B3C8D5400F5786C /* SceneDelegate.swift in Sources */,
			);
			runOnlyForDeploymentPostprocessing = 0;
		};
		1EF6866A2B3C8D5400F5786C /* Sources */ = {
			isa = PBXSourcesBuildPhase;
			buildActionMask = 2147483647;
			files = (
				1EF686952B3C8D5400F5786C /* ViewController.swift in Sources */,
				1EF686712B3C8D5400F5786C /* AppDelegate.swift in Sources */,
			);
			runOnlyForDeploymentPostprocessing = 0;
		};
		1EF686772B3C8D5400F5786C /* Sources */ = {
			isa = PBXSourcesBuildPhase;
			buildActionMask = 2147483647;
			files = (
				1EF686982B3C8D5400F5786C /* SafariWebExtensionHandler.swift in Sources */,
			);
			runOnlyForDeploymentPostprocessing = 0;
		};
		1EF686812B3C8D5400F5786C /* Sources */ = {
			isa = PBXSourcesBuildPhase;
			buildActionMask = 2147483647;
			files = (
				1EF686992B3C8D5400F5786C /* SafariWebExtensionHandler.swift in Sources */,
			);
			runOnlyForDeploymentPostprocessing = 0;
		};
/* End PBXSourcesBuildPhase section */

/* Begin PBXTargetDependency section */
		1EF6867E2B3C8D5400F5786C /* PBXTargetDependency */ = {
			isa = PBXTargetDependency;
			target = 1EF6867A2B3C8D5400F5786C /* Print for Safari Extension (iOS) */;
			targetProxy = 1EF6867D2B3C8D5400F5786C /* PBXContainerItemProxy */;
		};
		1EF686882B3C8D5400F5786C /* PBXTargetDependency */ = {
			isa = PBXTargetDependency;
			target = 1EF686842B3C8D5400F5786C /* Print for Safari Extension (macOS) */;
			targetProxy = 1EF686872B3C8D5400F5786C /* PBXContainerItemProxy */;
		};
/* End PBXTargetDependency section */

/* Begin PBXVariantGroup section */
		1EF6864F2B3C8D5300F5786C /* Main.html */ = {
			isa = PBXVariantGroup;
			children = (
				1EF686502B3C8D5300F5786C /* Base */,
			);
			name = Main.html;
			sourceTree = "<group>";
		};
		1EF686632B3C8D5400F5786C /* LaunchScreen.storyboard */ = {
			isa = PBXVariantGroup;
			children = (
				1EF686642B3C8D5400F5786C /* Base */,
			);
			name = LaunchScreen.storyboard;
			sourceTree = "<group>";
		};
		1EF686662B3C8D5400F5786C /* Main.storyboard */ = {
			isa = PBXVariantGroup;
			children = (
				1EF686672B3C8D5400F5786C /* Base */,
			);
			name = Main.storyboard;
			sourceTree = "<group>";
		};
		1EF686722B3C8D5400F5786C /* Main.storyboard */ = {
			isa = PBXVariantGroup;
			children = (
				1EF686732B3C8D5400F5786C /* Base */,
			);
			name = Main.storyboard;
			sourceTree = "<group>";
		};
/* End PBXVariantGroup section */

/* Begin XCBuildConfiguration section */
		1EF6869A2B3C8D5400F5786C /* Debug */ = {
			isa = XCBuildConfiguration;
			buildSettings = {
				ALWAYS_SEARCH_USER_PATHS = NO;
				ASSETCATALOG_COMPILER_GENERATE_SWIFT_ASSET_SYMBOL_EXTENSIONS = YES;
				CLANG_ANALYZER_NONNULL = YES;
				CLANG_ANALYZER_NUMBER_OBJECT_CONVERSION = YES_AGGRESSIVE;
				CLANG_CXX_LANGUAGE_STANDARD = "gnu++20";
				CLANG_ENABLE_MODULES = YES;
				CLANG_ENABLE_OBJC_ARC = YES;
				CLANG_ENABLE_OBJC_WEAK = YES;
				CLANG_WARN_BLOCK_CAPTURE_AUTORELEASING = YES;
				CLANG_WARN_BOOL_CONVERSION = YES;
				CLANG_WARN_COMMA = YES;
				CLANG_WARN_CONSTANT_CONVERSION = YES;
				CLANG_WARN_DEPRECATED_OBJC_IMPLEMENTATIONS = YES;
				CLANG_WARN_DIRECT_OBJC_ISA_USAGE = YES_ERROR;
				CLANG_WARN_DOCUMENTATION_COMMENTS = YES;
				CLANG_WARN_EMPTY_BODY = YES;
				CLANG_WARN_ENUM_CONVERSION = YES;
				CLANG_WARN_INFINITE_RECURSION = YES;
				CLANG_WARN_INT_CONVERSION = YES;
				CLANG_WARN_NON_LITERAL_NULL_CONVERSION = YES;
				CLANG_WARN_OBJC_IMPLICIT_RETAIN_SELF = YES;
				CLANG_WARN_OBJC_LITERAL_CONVERSION = YES;
				CLANG_WARN_OBJC_ROOT_CLASS = YES_ERROR;
				CLANG_WARN_QUOTED_INCLUDE_IN_FRAMEWORK_HEADER = YES;
				CLANG_WARN_RANGE_LOOP_ANALYSIS = YES;
				CLANG_WARN_STRICT_PROTOTYPES = YES;
				CLANG_WARN_SUSPICIOUS_MOVE = YES;
				CLANG_WARN_UNGUARDED_AVAILABILITY = YES_AGGRESSIVE;
				CLANG_WARN_UNREACHABLE_CODE = YES;
				CLANG_WARN__DUPLICATE_METHOD_MATCH = YES;
				COPY_PHASE_STRIP = NO;
				DEBUG_INFORMATION_FORMAT = dwarf;
				ENABLE_STRICT_OBJC_MSGSEND = YES;
				ENABLE_TESTABILITY = YES;
				ENABLE_USER_SCRIPT_SANDBOXING = YES;
				GCC_C_LANGUAGE_STANDARD = gnu17;
				GCC_DYNAMIC_NO_PIC = NO;
				GCC_NO_COMMON_BLOCKS = YES;
				GCC_OPTIMIZATION_LEVEL = 0;
				GCC_PREPROCESSOR_DEFINITIONS = (
					"DEBUG=1",
					"$(inherited)",
				);
				GCC_WARN_64_TO_32_BIT_CONVERSION = YES;
				GCC_WARN_ABOUT_RETURN_TYPE = YES_ERROR;
				GCC_WARN_UNDECLARED_SELECTOR = YES;
				GCC_WARN_UNINITIALIZED_AUTOS = YES_AGGRESSIVE;
				GCC_WARN_UNUSED_FUNCTION = YES;
				GCC_WARN_UNUSED_VARIABLE = YES;
				LOCALIZATION_PREFERS_STRING_CATALOGS = YES;
				MTL_ENABLE_DEBUG_INFO = INCLUDE_SOURCE;
				MTL_FAST_MATH = YES;
				ONLY_ACTIVE_ARCH = YES;
				SWIFT_ACTIVE_COMPILATION_CONDITIONS = "DEBUG $(inherited)";
				SWIFT_OPTIMIZATION_LEVEL = "-Onone";
			};
			name = Debug;
		};
		1EF6869B2B3C8D5400F5786C /* Release */ = {
			isa = XCBuildConfiguration;
			buildSettings = {
				ALWAYS_SEARCH_USER_PATHS = NO;
				ASSETCATALOG_COMPILER_GENERATE_SWIFT_ASSET_SYMBOL_EXTENSIONS = YES;
				CLANG_ANALYZER_NONNULL = YES;
				CLANG_ANALYZER_NUMBER_OBJECT_CONVERSION = YES_AGGRESSIVE;
				CLANG_CXX_LANGUAGE_STANDARD = "gnu++20";
				CLANG_ENABLE_MODULES = YES;
				CLANG_ENABLE_OBJC_ARC = YES;
				CLANG_ENABLE_OBJC_WEAK = YES;
				CLANG_WARN_BLOCK_CAPTURE_AUTORELEASING = YES;
				CLANG_WARN_BOOL_CONVERSION = YES;
				CLANG_WARN_COMMA = YES;
				CLANG_WARN_CONSTANT_CONVERSION = YES;
				CLANG_WARN_DEPRECATED_OBJC_IMPLEMENTATIONS = YES;
				CLANG_WARN_DIRECT_OBJC_ISA_USAGE = YES_ERROR;
				CLANG_WARN_DOCUMENTATION_COMMENTS = YES;
				CLANG_WARN_EMPTY_BODY = YES;
				CLANG_WARN_ENUM_CONVERSION = YES;
				CLANG_WARN_INFINITE_RECURSION = YES;
				CLANG_WARN_INT_CONVERSION = YES;
				CLANG_WARN_NON_LITERAL_NULL_CONVERSION = YES;
				CLANG_WARN_OBJC_IMPLICIT_RETAIN_SELF = YES;
				CLANG_WARN_OBJC_LITERAL_CONVERSION = YES;
				CLANG_WARN_OBJC_ROOT_CLASS = YES_ERROR;
				CLANG_WARN_QUOTED_INCLUDE_IN_FRAMEWORK_HEADER = YES;
				CLANG_WARN_RANGE_LOOP_ANALYSIS = YES;
				CLANG_WARN_STRICT_PROTOTYPES = YES;
				CLANG_WARN_SUSPICIOUS_MOVE = YES;
				CLANG_WARN_UNGUARDED_AVAILABILITY = YES_AGGRESSIVE;
				CLANG_WARN_UNREACHABLE_CODE = YES;
				CLANG_WARN__DUPLICATE_METHOD_MATCH = YES;
				COPY_PHASE_STRIP = NO;
				DEBUG_INFORMATION_FORMAT = "dwarf-with-dsym";
				ENABLE_NS_ASSERTIONS = NO;
				ENABLE_STRICT_OBJC_MSGSEND = YES;
				ENABLE_USER_SCRIPT_SANDBOXING = YES;
				GCC_C_LANGUAGE_STANDARD = gnu17;
				GCC_NO_COMMON_BLOCKS = YES;
				GCC_WARN_64_TO_32_BIT_CONVERSION = YES;
				GCC_WARN_ABOUT_RETURN_TYPE = YES_ERROR;
				GCC_WARN_UNDECLARED_SELECTOR = YES;
				GCC_WARN_UNINITIALIZED_AUTOS = YES_AGGRESSIVE;
				GCC_WARN_UNUSED_FUNCTION = YES;
				GCC_WARN_UNUSED_VARIABLE = YES;
				LOCALIZATION_PREFERS_STRING_CATALOGS = YES;
				MTL_ENABLE_DEBUG_INFO = NO;
				MTL_FAST_MATH = YES;
				SWIFT_COMPILATION_MODE = wholemodule;
			};
			name = Release;
		};
		1EF6869D2B3C8D5400F5786C /* Debug */ = {
			isa = XCBuildConfiguration;
			buildSettings = {
				CODE_SIGN_STYLE = Automatic;
				CURRENT_PROJECT_VERSION = 1;
				DEVELOPMENT_TEAM = PRR97757HF;
				GENERATE_INFOPLIST_FILE = YES;
				INFOPLIST_FILE = "iOS (Extension)/Info.plist";
				INFOPLIST_KEY_CFBundleDisplayName = "Print for Safari Extension";
				INFOPLIST_KEY_NSHumanReadableCopyright = "";
				IPHONEOS_DEPLOYMENT_TARGET = 15.0;
				LD_RUNPATH_SEARCH_PATHS = (
					"$(inherited)",
					"@executable_path/Frameworks",
					"@executable_path/../../Frameworks",
				);
				MARKETING_VERSION = 1.0;
				OTHER_LDFLAGS = (
					"-framework",
					SafariServices,
				);
				PRODUCT_BUNDLE_IDENTIFIER = "com.stefanvd.print-for-safari.Extension";
				PRODUCT_NAME = "Print for Safari Extension";
				SDKROOT = iphoneos;
				SKIP_INSTALL = YES;
				SWIFT_EMIT_LOC_STRINGS = YES;
				SWIFT_VERSION = 5.0;
				TARGETED_DEVICE_FAMILY = "1,2";
			};
			name = Debug;
		};
		1EF6869E2B3C8D5400F5786C /* Release */ = {
			isa = XCBuildConfiguration;
			buildSettings = {
				CODE_SIGN_STYLE = Automatic;
				CURRENT_PROJECT_VERSION = 1;
				DEVELOPMENT_TEAM = PRR97757HF;
				GENERATE_INFOPLIST_FILE = YES;
				INFOPLIST_FILE = "iOS (Extension)/Info.plist";
				INFOPLIST_KEY_CFBundleDisplayName = "Print for Safari Extension";
				INFOPLIST_KEY_NSHumanReadableCopyright = "";
				IPHONEOS_DEPLOYMENT_TARGET = 15.0;
				LD_RUNPATH_SEARCH_PATHS = (
					"$(inherited)",
					"@executable_path/Frameworks",
					"@executable_path/../../Frameworks",
				);
				MARKETING_VERSION = 1.0;
				OTHER_LDFLAGS = (
					"-framework",
					SafariServices,
				);
				PRODUCT_BUNDLE_IDENTIFIER = "com.stefanvd.print-for-safari.Extension";
				PRODUCT_NAME = "Print for Safari Extension";
				SDKROOT = iphoneos;
				SKIP_INSTALL = YES;
				SWIFT_EMIT_LOC_STRINGS = YES;
				SWIFT_VERSION = 5.0;
				TARGETED_DEVICE_FAMILY = "1,2";
				VALIDATE_PRODUCT = YES;
			};
			name = Release;
		};
		1EF686A12B3C8D5400F5786C /* Debug */ = {
			isa = XCBuildConfiguration;
			buildSettings = {
				ALWAYS_EMBED_SWIFT_STANDARD_LIBRARIES = YES;
				ASSETCATALOG_COMPILER_APPICON_NAME = AppIcon;
				ASSETCATALOG_COMPILER_GLOBAL_ACCENT_COLOR_NAME = AccentColor;
				CODE_SIGN_STYLE = Automatic;
				CURRENT_PROJECT_VERSION = 1;
				DEVELOPMENT_TEAM = PRR97757HF;
				GENERATE_INFOPLIST_FILE = YES;
				INFOPLIST_FILE = "iOS (App)/Info.plist";
				INFOPLIST_KEY_CFBundleDisplayName = "Print for Safari";
				INFOPLIST_KEY_LSApplicationCategoryType = "public.app-category.utilities";
				INFOPLIST_KEY_UIApplicationSupportsIndirectInputEvents = YES;
				INFOPLIST_KEY_UILaunchStoryboardName = LaunchScreen;
				INFOPLIST_KEY_UIMainStoryboardFile = Main;
				INFOPLIST_KEY_UISupportedInterfaceOrientations = "UIInterfaceOrientationPortrait UIInterfaceOrientationLandscapeLeft UIInterfaceOrientationLandscapeRight";
				INFOPLIST_KEY_UISupportedInterfaceOrientations_iPad = "UIInterfaceOrientationPortrait UIInterfaceOrientationPortraitUpsideDown UIInterfaceOrientationLandscapeLeft UIInterfaceOrientationLandscapeRight";
				IPHONEOS_DEPLOYMENT_TARGET = 15.0;
				LD_RUNPATH_SEARCH_PATHS = (
					"$(inherited)",
					"@executable_path/Frameworks",
				);
				MARKETING_VERSION = 1.0;
				OTHER_LDFLAGS = (
					"-framework",
					SafariServices,
					"-framework",
					WebKit,
				);
				PRODUCT_BUNDLE_IDENTIFIER = "com.stefanvd.print-for-safari";
				PRODUCT_NAME = "Print for Safari";
				SDKROOT = iphoneos;
				SWIFT_EMIT_LOC_STRINGS = YES;
				SWIFT_VERSION = 5.0;
				TARGETED_DEVICE_FAMILY = "1,2";
			};
			name = Debug;
		};
		1EF686A22B3C8D5400F5786C /* Release */ = {
			isa = XCBuildConfiguration;
			buildSettings = {
				ALWAYS_EMBED_SWIFT_STANDARD_LIBRARIES = YES;
				ASSETCATALOG_COMPILER_APPICON_NAME = AppIcon;
				ASSETCATALOG_COMPILER_GLOBAL_ACCENT_COLOR_NAME = AccentColor;
				CODE_SIGN_STYLE = Automatic;
				CURRENT_PROJECT_VERSION = 1;
				DEVELOPMENT_TEAM = PRR97757HF;
				GENERATE_INFOPLIST_FILE = YES;
				INFOPLIST_FILE = "iOS (App)/Info.plist";
				INFOPLIST_KEY_CFBundleDisplayName = "Print for Safari";
				INFOPLIST_KEY_LSApplicationCategoryType = "public.app-category.utilities";
				INFOPLIST_KEY_UIApplicationSupportsIndirectInputEvents = YES;
				INFOPLIST_KEY_UILaunchStoryboardName = LaunchScreen;
				INFOPLIST_KEY_UIMainStoryboardFile = Main;
				INFOPLIST_KEY_UISupportedInterfaceOrientations = "UIInterfaceOrientationPortrait UIInterfaceOrientationLandscapeLeft UIInterfaceOrientationLandscapeRight";
				INFOPLIST_KEY_UISupportedInterfaceOrientations_iPad = "UIInterfaceOrientationPortrait UIInterfaceOrientationPortraitUpsideDown UIInterfaceOrientationLandscapeLeft UIInterfaceOrientationLandscapeRight";
				IPHONEOS_DEPLOYMENT_TARGET = 15.0;
				LD_RUNPATH_SEARCH_PATHS = (
					"$(inherited)",
					"@executable_path/Frameworks",
				);
				MARKETING_VERSION = 1.0;
				OTHER_LDFLAGS = (
					"-framework",
					SafariServices,
					"-framework",
					WebKit,
				);
				PRODUCT_BUNDLE_IDENTIFIER = "com.stefanvd.print-for-safari";
				PRODUCT_NAME = "Print for Safari";
				SDKROOT = iphoneos;
				SWIFT_EMIT_LOC_STRINGS = YES;
				SWIFT_VERSION = 5.0;
				TARGETED_DEVICE_FAMILY = "1,2";
				VALIDATE_PRODUCT = YES;
			};
			name = Release;
		};
		1EF686A42B3C8D5400F5786C /* Debug */ = {
			isa = XCBuildConfiguration;
			buildSettings = {
				CODE_SIGN_ENTITLEMENTS = "macOS (Extension)/Print for Safari.entitlements";
				CODE_SIGN_STYLE = Automatic;
				CURRENT_PROJECT_VERSION = 1;
				DEVELOPMENT_TEAM = PRR97757HF;
				ENABLE_HARDENED_RUNTIME = YES;
				GENERATE_INFOPLIST_FILE = YES;
				INFOPLIST_FILE = "macOS (Extension)/Info.plist";
				INFOPLIST_KEY_CFBundleDisplayName = "Print for Safari Extension";
				INFOPLIST_KEY_NSHumanReadableCopyright = "";
				LD_RUNPATH_SEARCH_PATHS = (
					"$(inherited)",
					"@executable_path/../Frameworks",
					"@executable_path/../../../../Frameworks",
				);
				MACOSX_DEPLOYMENT_TARGET = 10.14;
				MARKETING_VERSION = 1.0;
				OTHER_LDFLAGS = (
					"-framework",
					SafariServices,
				);
				PRODUCT_BUNDLE_IDENTIFIER = "com.stefanvd.print-for-safari.Extension";
				PRODUCT_NAME = "Print for Safari Extension";
				SDKROOT = macosx;
				SKIP_INSTALL = YES;
				SWIFT_EMIT_LOC_STRINGS = YES;
				SWIFT_VERSION = 5.0;
			};
			name = Debug;
		};
		1EF686A52B3C8D5400F5786C /* Release */ = {
			isa = XCBuildConfiguration;
			buildSettings = {
				CODE_SIGN_ENTITLEMENTS = "macOS (Extension)/Print for Safari.entitlements";
				CODE_SIGN_STYLE = Automatic;
				CURRENT_PROJECT_VERSION = 1;
				DEVELOPMENT_TEAM = PRR97757HF;
				ENABLE_HARDENED_RUNTIME = YES;
				GENERATE_INFOPLIST_FILE = YES;
				INFOPLIST_FILE = "macOS (Extension)/Info.plist";
				INFOPLIST_KEY_CFBundleDisplayName = "Print for Safari Extension";
				INFOPLIST_KEY_NSHumanReadableCopyright = "";
				LD_RUNPATH_SEARCH_PATHS = (
					"$(inherited)",
					"@executable_path/../Frameworks",
					"@executable_path/../../../../Frameworks",
				);
				MACOSX_DEPLOYMENT_TARGET = 10.14;
				MARKETING_VERSION = 1.0;
				OTHER_LDFLAGS = (
					"-framework",
					SafariServices,
				);
				PRODUCT_BUNDLE_IDENTIFIER = "com.stefanvd.print-for-safari.Extension";
				PRODUCT_NAME = "Print for Safari Extension";
				SDKROOT = macosx;
				SKIP_INSTALL = YES;
				SWIFT_EMIT_LOC_STRINGS = YES;
				SWIFT_VERSION = 5.0;
			};
			name = Release;
		};
		1EF686A82B3C8D5400F5786C /* Debug */ = {
			isa = XCBuildConfiguration;
			buildSettings = {
				ALWAYS_EMBED_SWIFT_STANDARD_LIBRARIES = YES;
				ASSETCATALOG_COMPILER_APPICON_NAME = AppIcon;
				ASSETCATALOG_COMPILER_GLOBAL_ACCENT_COLOR_NAME = AccentColor;
				CODE_SIGN_ENTITLEMENTS = "macOS (App)/Print for Safari.entitlements";
				CODE_SIGN_STYLE = Automatic;
				CURRENT_PROJECT_VERSION = 1;
				DEVELOPMENT_TEAM = PRR97757HF;
				ENABLE_HARDENED_RUNTIME = YES;
				GENERATE_INFOPLIST_FILE = YES;
				INFOPLIST_FILE = "macOS (App)/Info.plist";
				INFOPLIST_KEY_CFBundleDisplayName = "Print for Safari";
				INFOPLIST_KEY_NSMainStoryboardFile = Main;
				INFOPLIST_KEY_NSPrincipalClass = NSApplication;
				LD_RUNPATH_SEARCH_PATHS = (
					"$(inherited)",
					"@executable_path/../Frameworks",
				);
				MACOSX_DEPLOYMENT_TARGET = 10.14;
				MARKETING_VERSION = 1.0;
				OTHER_LDFLAGS = (
					"-framework",
					SafariServices,
					"-framework",
					WebKit,
				);
				PRODUCT_BUNDLE_IDENTIFIER = "com.stefanvd.print-for-safari";
				PRODUCT_NAME = "Print for Safari";
				SDKROOT = macosx;
				SWIFT_EMIT_LOC_STRINGS = YES;
				SWIFT_VERSION = 5.0;
			};
			name = Debug;
		};
		1EF686A92B3C8D5400F5786C /* Release */ = {
			isa = XCBuildConfiguration;
			buildSettings = {
				ALWAYS_EMBED_SWIFT_STANDARD_LIBRARIES = YES;
				ASSETCATALOG_COMPILER_APPICON_NAME = AppIcon;
				ASSETCATALOG_COMPILER_GLOBAL_ACCENT_COLOR_NAME = AccentColor;
				CODE_SIGN_ENTITLEMENTS = "macOS (App)/Print for Safari.entitlements";
				CODE_SIGN_STYLE = Automatic;
				CURRENT_PROJECT_VERSION = 1;
				DEVELOPMENT_TEAM = PRR97757HF;
				ENABLE_HARDENED_RUNTIME = YES;
				GENERATE_INFOPLIST_FILE = YES;
				INFOPLIST_FILE = "macOS (App)/Info.plist";
				INFOPLIST_KEY_CFBundleDisplayName = "Print for Safari";
				INFOPLIST_KEY_NSMainStoryboardFile = Main;
				INFOPLIST_KEY_NSPrincipalClass = NSApplication;
				LD_RUNPATH_SEARCH_PATHS = (
					"$(inherited)",
					"@executable_path/../Frameworks",
				);
				MACOSX_DEPLOYMENT_TARGET = 10.14;
				MARKETING_VERSION = 1.0;
				OTHER_LDFLAGS = (
					"-framework",
					SafariServices,
					"-framework",
					WebKit,
				);
				PRODUCT_BUNDLE_IDENTIFIER = "com.stefanvd.print-for-safari";
				PRODUCT_NAME = "Print for Safari";
				SDKROOT = macosx;
				SWIFT_EMIT_LOC_STRINGS = YES;
				SWIFT_VERSION = 5.0;
			};
			name = Release;
		};
/* End XCBuildConfiguration section */

/* Begin XCConfigurationList section */
		1EF6864C2B3C8D5300F5786C /* Build configuration list for PBXProject "Print for Safari" */ = {
			isa = XCConfigurationList;
			buildConfigurations = (
				1EF6869A2B3C8D5400F5786C /* Debug */,
				1EF6869B2B3C8D5400F5786C /* Release */,
			);
			defaultConfigurationIsVisible = 0;
			defaultConfigurationName = Release;
		};
		1EF6869C2B3C8D5400F5786C /* Build configuration list for PBXNativeTarget "Print for Safari Extension (iOS)" */ = {
			isa = XCConfigurationList;
			buildConfigurations = (
				1EF6869D2B3C8D5400F5786C /* Debug */,
				1EF6869E2B3C8D5400F5786C /* Release */,
			);
			defaultConfigurationIsVisible = 0;
			defaultConfigurationName = Release;
		};
		1EF686A02B3C8D5400F5786C /* Build configuration list for PBXNativeTarget "Print for Safari (iOS)" */ = {
			isa = XCConfigurationList;
			buildConfigurations = (
				1EF686A12B3C8D5400F5786C /* Debug */,
				1EF686A22B3C8D5400F5786C /* Release */,
			);
			defaultConfigurationIsVisible = 0;
			defaultConfigurationName = Release;
		};
		1EF686A32B3C8D5400F5786C /* Build configuration list for PBXNativeTarget "Print for Safari Extension (macOS)" */ = {
			isa = XCConfigurationList;
			buildConfigurations = (
				1EF686A42B3C8D5400F5786C /* Debug */,
				1EF686A52B3C8D5400F5786C /* Release */,
			);
			defaultConfigurationIsVisible = 0;
			defaultConfigurationName = Release;
		};
		1EF686A72B3C8D5400F5786C /* Build configuration list for PBXNativeTarget "Print for Safari (macOS)" */ = {
			isa = XCConfigurationList;
			buildConfigurations = (
				1EF686A82B3C8D5400F5786C /* Debug */,
				1EF686A92B3C8D5400F5786C /* Release */,
			);
			defaultConfigurationIsVisible = 0;
			defaultConfigurationName = Release;
		};
/* End XCConfigurationList section */
	};
	rootObject = 1EF686492B3C8D5300F5786C /* Project object */;
}
